
Microsoft Visual Studio Solution File, Format Version 12.00
# Visual Studio Version 17
VisualStudioVersion = 17.8.34330.188
MinimumVisualStudioVersion = 10.0.40219.1
Project("{FAE04EC0-301F-11D3-BF4B-00C04F79EFBC}") = "TutorialProjectPGSQL", "TutorialProjectPGSQL\TutorialProjectPGSQL.csproj", "{F2A3C4B9-5095-41CB-B47F-BAEC3B7C4095}"
EndProject
Global
	GlobalSection(SolutionConfigurationPlatforms) = preSolution
		Debug|Any CPU = Debug|Any CPU
		Release|Any CPU = Release|Any CPU
	EndGlobalSection
	GlobalSection(ProjectConfigurationPlatforms) = postSolution
		{F2A3C4B9-5095-41CB-B47F-BAEC3B7C4095}.Debug|Any CPU.ActiveCfg = Debug|Any CPU
		{F2A3C4B9-5095-41CB-B47F-BAEC3B7C4095}.Debug|Any CPU.Build.0 = Debug|Any CPU
		{F2A3C4B9-5095-41CB-B47F-BAEC3B7C4095}.Release|Any CPU.ActiveCfg = Release|Any CPU
		{F2A3C4B9-5095-41CB-B47F-BAEC3B7C4095}.Release|Any CPU.Build.0 = Release|Any CPU
	EndGlobalSection
	GlobalSection(SolutionProperties) = preSolution
		HideSolutionNode = FALSE
	EndGlobalSection
	GlobalSection(ExtensibilityGlobals) = postSolution
		SolutionGuid = {A26004D0-0C79-4F8D-800E-0D32C35D07AB}
	EndGlobalSection
EndGlobal
